
Microsoft Visual Studio Solution File, Format Version 10.00
# Visual C# Express 2008
Project("{FAE04EC0-301F-11D3-BF4B-00C04F79EFBC}") = "NReco.Examples.Hello", "NReco.Examples.Hello\NReco.Examples.Hello.csproj", "{70388E95-D9B1-4B99-8903-A84062E264E3}"
EndProject
Project("{FAE04EC0-301F-11D3-BF4B-00C04F79EFBC}") = "NReco.Examples.WebApp", "NReco.Examples.WebApp\NReco.Examples.WebApp.csproj", "{C048A4FD-2160-49F1-A00A-1A91DCCD94BE}"
EndProject
Project("{FAE04EC0-301F-11D3-BF4B-00C04F79EFBC}") = "NReco.Examples.TransformTool", "NReco.Examples.TransformTool\NReco.Examples.TransformTool.csproj", "{BCF1B1BB-B839-403D-9730-01DE98D28F04}"
EndProject
Project("{FAE04EC0-301F-11D3-BF4B-00C04F79EFBC}") = "NReco.Examples.Rdb2Rdf", "NReco.Examples.Rdb2Rdf\NReco.Examples.Rdb2Rdf.csproj", "{7C23F093-FB22-43E8-AE41-1C6945F550ED}"
EndProject
Global
	GlobalSection(SolutionConfigurationPlatforms) = preSolution
		Debug|Any CPU = Debug|Any CPU
		Release|Any CPU = Release|Any CPU
	EndGlobalSection
	GlobalSection(ProjectConfigurationPlatforms) = postSolution
		{70388E95-D9B1-4B99-8903-A84062E264E3}.Debug|Any CPU.ActiveCfg = Debug|Any CPU
		{70388E95-D9B1-4B99-8903-A84062E264E3}.Debug|Any CPU.Build.0 = Debug|Any CPU
		{70388E95-D9B1-4B99-8903-A84062E264E3}.Release|Any CPU.ActiveCfg = Release|Any CPU
		{70388E95-D9B1-4B99-8903-A84062E264E3}.Release|Any CPU.Build.0 = Release|Any CPU
		{C048A4FD-2160-49F1-A00A-1A91DCCD94BE}.Debug|Any CPU.ActiveCfg = Debug|Any CPU
		{C048A4FD-2160-49F1-A00A-1A91DCCD94BE}.Debug|Any CPU.Build.0 = Debug|Any CPU
		{C048A4FD-2160-49F1-A00A-1A91DCCD94BE}.Release|Any CPU.ActiveCfg = Release|Any CPU
		{C048A4FD-2160-49F1-A00A-1A91DCCD94BE}.Release|Any CPU.Build.0 = Release|Any CPU
		{BCF1B1BB-B839-403D-9730-01DE98D28F04}.Debug|Any CPU.ActiveCfg = Debug|Any CPU
		{BCF1B1BB-B839-403D-9730-01DE98D28F04}.Debug|Any CPU.Build.0 = Debug|Any CPU
		{BCF1B1BB-B839-403D-9730-01DE98D28F04}.Release|Any CPU.ActiveCfg = Release|Any CPU
		{BCF1B1BB-B839-403D-9730-01DE98D28F04}.Release|Any CPU.Build.0 = Release|Any CPU
		{7C23F093-FB22-43E8-AE41-1C6945F550ED}.Debug|Any CPU.ActiveCfg = Debug|Any CPU
		{7C23F093-FB22-43E8-AE41-1C6945F550ED}.Debug|Any CPU.Build.0 = Debug|Any CPU
		{7C23F093-FB22-43E8-AE41-1C6945F550ED}.Release|Any CPU.ActiveCfg = Release|Any CPU
		{7C23F093-FB22-43E8-AE41-1C6945F550ED}.Release|Any CPU.Build.0 = Release|Any CPU
	EndGlobalSection
	GlobalSection(SolutionProperties) = preSolution
		HideSolutionNode = FALSE
	EndGlobalSection
EndGlobal
