
Microsoft Visual Studio Solution File, Format Version 11.00
# Visual C# Express 2010
Project("{FAE04EC0-301F-11D3-BF4B-00C04F79EFBC}") = "NReco.Transform.Tool", "NReco.Transform.Tool\NReco.Transform.Tool.csproj", "{B4C56677-C66B-4597-8908-463E9FF17BBA}"
EndProject
Project("{FAE04EC0-301F-11D3-BF4B-00C04F79EFBC}") = "NReco.Transform.Tool.MSBuild", "NReco.Transform.Tool.MSBuild\NReco.Transform.Tool.MSBuild.csproj", "{BB88F4BB-91B1-4781-B8FE-1E7F00C0351E}"
EndProject
Project("{FAE04EC0-301F-11D3-BF4B-00C04F79EFBC}") = "NReco.Runner.Tool", "NReco.Runner.Tool\NReco.Runner.Tool.csproj", "{C3C7EA7F-93A2-47D9-9D02-AA1EAC0A8A90}"
EndProject
Global
	GlobalSection(SolutionConfigurationPlatforms) = preSolution
		Debug|Any CPU = Debug|Any CPU
		Release|Any CPU = Release|Any CPU
	EndGlobalSection
	GlobalSection(ProjectConfigurationPlatforms) = postSolution
		{B4C56677-C66B-4597-8908-463E9FF17BBA}.Debug|Any CPU.ActiveCfg = Debug|Any CPU
		{B4C56677-C66B-4597-8908-463E9FF17BBA}.Debug|Any CPU.Build.0 = Debug|Any CPU
		{B4C56677-C66B-4597-8908-463E9FF17BBA}.Release|Any CPU.ActiveCfg = Release|Any CPU
		{B4C56677-C66B-4597-8908-463E9FF17BBA}.Release|Any CPU.Build.0 = Release|Any CPU
		{BB88F4BB-91B1-4781-B8FE-1E7F00C0351E}.Debug|Any CPU.ActiveCfg = Debug|Any CPU
		{BB88F4BB-91B1-4781-B8FE-1E7F00C0351E}.Debug|Any CPU.Build.0 = Debug|Any CPU
		{BB88F4BB-91B1-4781-B8FE-1E7F00C0351E}.Release|Any CPU.ActiveCfg = Release|Any CPU
		{BB88F4BB-91B1-4781-B8FE-1E7F00C0351E}.Release|Any CPU.Build.0 = Release|Any CPU
		{C3C7EA7F-93A2-47D9-9D02-AA1EAC0A8A90}.Debug|Any CPU.ActiveCfg = Debug|Any CPU
		{C3C7EA7F-93A2-47D9-9D02-AA1EAC0A8A90}.Debug|Any CPU.Build.0 = Debug|Any CPU
		{C3C7EA7F-93A2-47D9-9D02-AA1EAC0A8A90}.Release|Any CPU.ActiveCfg = Release|Any CPU
		{C3C7EA7F-93A2-47D9-9D02-AA1EAC0A8A90}.Release|Any CPU.Build.0 = Release|Any CPU
	EndGlobalSection
	GlobalSection(SolutionProperties) = preSolution
		HideSolutionNode = FALSE
	EndGlobalSection
EndGlobal
