
Microsoft Visual Studio Solution File, Format Version 12.00
# Visual Studio Express 2012 for Web
Project("{FAE04EC0-301F-11D3-BF4B-00C04F79EFBC}") = "NReco", "NReco\NReco.csproj", "{A63BA4D4-A429-4183-B390-1FDF260DE676}"
EndProject
Project("{FAE04EC0-301F-11D3-BF4B-00C04F79EFBC}") = "NReco.Tests", "NReco.Tests\NReco.Tests.csproj", "{D2681D9E-4B74-406D-94C9-28592C4308FD}"
EndProject
Project("{FAE04EC0-301F-11D3-BF4B-00C04F79EFBC}") = "NReco.Winter", "NReco.Winter\NReco.Winter.csproj", "{18A40556-9427-46B8-BC81-DB371B5D0119}"
EndProject
Project("{FAE04EC0-301F-11D3-BF4B-00C04F79EFBC}") = "NReco.Transform", "NReco.Transform\NReco.Transform.csproj", "{DF79683A-3701-4448-8A8E-702F573AE06F}"
EndProject
Project("{FAE04EC0-301F-11D3-BF4B-00C04F79EFBC}") = "NReco.Log4Net", "NReco.Log4Net\NReco.Log4Net.csproj", "{24FF274B-A70E-47AE-8D76-37B5770DAAF6}"
EndProject
Project("{FAE04EC0-301F-11D3-BF4B-00C04F79EFBC}") = "NReco.Web", "NReco.Web\NReco.Web.csproj", "{023DF467-7818-45FF-8BE0-E1D9800514E3}"
EndProject
Project("{FAE04EC0-301F-11D3-BF4B-00C04F79EFBC}") = "NReco.Web.Site", "NReco.Web.Site\NReco.Web.Site.csproj", "{2FBD946C-56EA-4DD5-9F3D-5FFCAA8EF977}"
EndProject
Project("{FAE04EC0-301F-11D3-BF4B-00C04F79EFBC}") = "NReco.Lucene", "NReco.Lucene\NReco.Lucene.csproj", "{C23067DA-8CD5-4F20-9C31-41340C1EAB90}"
EndProject
Project("{FAE04EC0-301F-11D3-BF4B-00C04F79EFBC}") = "NReco.Composition", "NReco.Composition\NReco.Composition.csproj", "{7662AA1A-19ED-4EF3-AB55-00788BB69C3D}"
EndProject
Global
	GlobalSection(SolutionConfigurationPlatforms) = preSolution
		Debug|Any CPU = Debug|Any CPU
		Release|Any CPU = Release|Any CPU
	EndGlobalSection
	GlobalSection(ProjectConfigurationPlatforms) = postSolution
		{A63BA4D4-A429-4183-B390-1FDF260DE676}.Debug|Any CPU.ActiveCfg = Debug|Any CPU
		{A63BA4D4-A429-4183-B390-1FDF260DE676}.Debug|Any CPU.Build.0 = Debug|Any CPU
		{A63BA4D4-A429-4183-B390-1FDF260DE676}.Release|Any CPU.ActiveCfg = Release|Any CPU
		{A63BA4D4-A429-4183-B390-1FDF260DE676}.Release|Any CPU.Build.0 = Release|Any CPU
		{D2681D9E-4B74-406D-94C9-28592C4308FD}.Debug|Any CPU.ActiveCfg = Debug|Any CPU
		{D2681D9E-4B74-406D-94C9-28592C4308FD}.Debug|Any CPU.Build.0 = Debug|Any CPU
		{D2681D9E-4B74-406D-94C9-28592C4308FD}.Release|Any CPU.ActiveCfg = Release|Any CPU
		{D2681D9E-4B74-406D-94C9-28592C4308FD}.Release|Any CPU.Build.0 = Release|Any CPU
		{18A40556-9427-46B8-BC81-DB371B5D0119}.Debug|Any CPU.ActiveCfg = Debug|Any CPU
		{18A40556-9427-46B8-BC81-DB371B5D0119}.Debug|Any CPU.Build.0 = Debug|Any CPU
		{18A40556-9427-46B8-BC81-DB371B5D0119}.Release|Any CPU.ActiveCfg = Release|Any CPU
		{18A40556-9427-46B8-BC81-DB371B5D0119}.Release|Any CPU.Build.0 = Release|Any CPU
		{DF79683A-3701-4448-8A8E-702F573AE06F}.Debug|Any CPU.ActiveCfg = Debug|Any CPU
		{DF79683A-3701-4448-8A8E-702F573AE06F}.Debug|Any CPU.Build.0 = Debug|Any CPU
		{DF79683A-3701-4448-8A8E-702F573AE06F}.Release|Any CPU.ActiveCfg = Release|Any CPU
		{DF79683A-3701-4448-8A8E-702F573AE06F}.Release|Any CPU.Build.0 = Release|Any CPU
		{24FF274B-A70E-47AE-8D76-37B5770DAAF6}.Debug|Any CPU.ActiveCfg = Debug|Any CPU
		{24FF274B-A70E-47AE-8D76-37B5770DAAF6}.Debug|Any CPU.Build.0 = Debug|Any CPU
		{24FF274B-A70E-47AE-8D76-37B5770DAAF6}.Release|Any CPU.ActiveCfg = Release|Any CPU
		{24FF274B-A70E-47AE-8D76-37B5770DAAF6}.Release|Any CPU.Build.0 = Release|Any CPU
		{023DF467-7818-45FF-8BE0-E1D9800514E3}.Debug|Any CPU.ActiveCfg = Debug|Any CPU
		{023DF467-7818-45FF-8BE0-E1D9800514E3}.Debug|Any CPU.Build.0 = Debug|Any CPU
		{023DF467-7818-45FF-8BE0-E1D9800514E3}.Release|Any CPU.ActiveCfg = Release|Any CPU
		{023DF467-7818-45FF-8BE0-E1D9800514E3}.Release|Any CPU.Build.0 = Release|Any CPU
		{2FBD946C-56EA-4DD5-9F3D-5FFCAA8EF977}.Debug|Any CPU.ActiveCfg = Debug|Any CPU
		{2FBD946C-56EA-4DD5-9F3D-5FFCAA8EF977}.Debug|Any CPU.Build.0 = Debug|Any CPU
		{2FBD946C-56EA-4DD5-9F3D-5FFCAA8EF977}.Release|Any CPU.ActiveCfg = Release|Any CPU
		{2FBD946C-56EA-4DD5-9F3D-5FFCAA8EF977}.Release|Any CPU.Build.0 = Release|Any CPU
		{C23067DA-8CD5-4F20-9C31-41340C1EAB90}.Debug|Any CPU.ActiveCfg = Debug|Any CPU
		{C23067DA-8CD5-4F20-9C31-41340C1EAB90}.Debug|Any CPU.Build.0 = Debug|Any CPU
		{C23067DA-8CD5-4F20-9C31-41340C1EAB90}.Release|Any CPU.ActiveCfg = Release|Any CPU
		{C23067DA-8CD5-4F20-9C31-41340C1EAB90}.Release|Any CPU.Build.0 = Release|Any CPU
		{7662AA1A-19ED-4EF3-AB55-00788BB69C3D}.Debug|Any CPU.ActiveCfg = Debug|Any CPU
		{7662AA1A-19ED-4EF3-AB55-00788BB69C3D}.Debug|Any CPU.Build.0 = Debug|Any CPU
		{7662AA1A-19ED-4EF3-AB55-00788BB69C3D}.Release|Any CPU.ActiveCfg = Release|Any CPU
		{7662AA1A-19ED-4EF3-AB55-00788BB69C3D}.Release|Any CPU.Build.0 = Release|Any CPU
	EndGlobalSection
	GlobalSection(SolutionProperties) = preSolution
		HideSolutionNode = FALSE
	EndGlobalSection
EndGlobal
